
Microsoft Visual Studio Solution File, Format Version 12.00
# Visual Studio Version 17
VisualStudioVersion = 17.9.34622.214
MinimumVisualStudioVersion = 10.0.40219.1
Project("{FAE04EC0-301F-11D3-BF4B-00C04F79EFBC}") = "WebShop", "WebShop\WebShop.csproj", "{5F0BF01B-1417-4ABC-A8DC-D5FD26849F2E}"
EndProject
Global
	GlobalSection(SolutionConfigurationPlatforms) = preSolution
		Debug|Any CPU = Debug|Any CPU
		Release|Any CPU = Release|Any CPU
	EndGlobalSection
	GlobalSection(ProjectConfigurationPlatforms) = postSolution
		{5F0BF01B-1417-4ABC-A8DC-D5FD26849F2E}.Debug|Any CPU.ActiveCfg = Debug|Any CPU
		{5F0BF01B-1417-4ABC-A8DC-D5FD26849F2E}.Debug|Any CPU.Build.0 = Debug|Any CPU
		{5F0BF01B-1417-4ABC-A8DC-D5FD26849F2E}.Release|Any CPU.ActiveCfg = Release|Any CPU
		{5F0BF01B-1417-4ABC-A8DC-D5FD26849F2E}.Release|Any CPU.Build.0 = Release|Any CPU
	EndGlobalSection
	GlobalSection(SolutionProperties) = preSolution
		HideSolutionNode = FALSE
	EndGlobalSection
	GlobalSection(ExtensibilityGlobals) = postSolution
		SolutionGuid = {6C4B5C55-9554-4E6A-889F-F237BE829C49}
	EndGlobalSection
EndGlobal
